
Microsoft Visual Studio Solution File, Format Version 12.00
# Visual Studio 14
VisualStudioVersion = 14.0.23107.0
MinimumVisualStudioVersion = 10.0.40219.1
Project("{FAE04EC0-301F-11D3-BF4B-00C04F79EFBC}") = "PerplexMail", "PerplexMail\PerplexMail.csproj", "{B720C7F4-CC3C-48EE-B53D-B9F8A400FC1C}"
EndProject
Project("{FAE04EC0-301F-11D3-BF4B-00C04F79EFBC}") = "PerplexMail.Workflow", "PerplexMail.Workflow\PerplexMail.Workflow.csproj", "{5EEFA90D-19F4-4FA6-B0BE-3A6F664FE7C2}"
EndProject
Project("{2150E333-8FDC-42A3-9474-1A3956D46DE8}") = ".build", ".build", "{69C65036-EA1F-45FC-8672-FE33695D99A5}"
	ProjectSection(SolutionItems) = preProject
		Build.proj = Build.proj
		.build\MSBuild.Community.Tasks.dll = .build\MSBuild.Community.Tasks.dll
		.build\MSBuild.Community.Tasks.targets = .build\MSBuild.Community.Tasks.targets
	EndProjectSection
EndProject
Global
	GlobalSection(SolutionConfigurationPlatforms) = preSolution
		Debug|Any CPU = Debug|Any CPU
		Release|Any CPU = Release|Any CPU
	EndGlobalSection
	GlobalSection(ProjectConfigurationPlatforms) = postSolution
		{B720C7F4-CC3C-48EE-B53D-B9F8A400FC1C}.Debug|Any CPU.ActiveCfg = Debug|Any CPU
		{B720C7F4-CC3C-48EE-B53D-B9F8A400FC1C}.Debug|Any CPU.Build.0 = Debug|Any CPU
		{B720C7F4-CC3C-48EE-B53D-B9F8A400FC1C}.Release|Any CPU.ActiveCfg = Release|Any CPU
		{B720C7F4-CC3C-48EE-B53D-B9F8A400FC1C}.Release|Any CPU.Build.0 = Release|Any CPU
		{5EEFA90D-19F4-4FA6-B0BE-3A6F664FE7C2}.Debug|Any CPU.ActiveCfg = Debug|Any CPU
		{5EEFA90D-19F4-4FA6-B0BE-3A6F664FE7C2}.Debug|Any CPU.Build.0 = Debug|Any CPU
		{5EEFA90D-19F4-4FA6-B0BE-3A6F664FE7C2}.Release|Any CPU.ActiveCfg = Release|Any CPU
		{5EEFA90D-19F4-4FA6-B0BE-3A6F664FE7C2}.Release|Any CPU.Build.0 = Release|Any CPU
	EndGlobalSection
	GlobalSection(SolutionProperties) = preSolution
		HideSolutionNode = FALSE
	EndGlobalSection
EndGlobal
